
Microsoft Visual Studio Solution File, Format Version 11.00
# Visual Studio 2010
Project("{FAE04EC0-301F-11D3-BF4B-00C04F79EFBC}") = "VuforiaScripts", "VuforiaScripts.csproj", "{D4D1166F-EEFB-2499-50E9-807C6FA19119}"
EndProject
Project("{FAE04EC0-301F-11D3-BF4B-00C04F79EFBC}") = "Assembly-CSharp", "Assembly-CSharp.csproj", "{778E1C2F-6BD3-B768-82EA-7F4F42EAC0F0}"
EndProject
Project("{FAE04EC0-301F-11D3-BF4B-00C04F79EFBC}") = "VuforiaEditorScripts", "VuforiaEditorScripts.csproj", "{62E15563-CF27-8AC4-A36B-7E74CBB838ED}"
EndProject
Global
	GlobalSection(SolutionConfigurationPlatforms) = preSolution
		Debug|Any CPU = Debug|Any CPU
		Release|Any CPU = Release|Any CPU
	EndGlobalSection
	GlobalSection(ProjectConfigurationPlatforms) = postSolution
		{D4D1166F-EEFB-2499-50E9-807C6FA19119}.Debug|Any CPU.ActiveCfg = Debug|Any CPU
		{D4D1166F-EEFB-2499-50E9-807C6FA19119}.Debug|Any CPU.Build.0 = Debug|Any CPU
		{D4D1166F-EEFB-2499-50E9-807C6FA19119}.Release|Any CPU.ActiveCfg = Release|Any CPU
		{D4D1166F-EEFB-2499-50E9-807C6FA19119}.Release|Any CPU.Build.0 = Release|Any CPU
		{778E1C2F-6BD3-B768-82EA-7F4F42EAC0F0}.Debug|Any CPU.ActiveCfg = Debug|Any CPU
		{778E1C2F-6BD3-B768-82EA-7F4F42EAC0F0}.Debug|Any CPU.Build.0 = Debug|Any CPU
		{778E1C2F-6BD3-B768-82EA-7F4F42EAC0F0}.Release|Any CPU.ActiveCfg = Release|Any CPU
		{778E1C2F-6BD3-B768-82EA-7F4F42EAC0F0}.Release|Any CPU.Build.0 = Release|Any CPU
		{62E15563-CF27-8AC4-A36B-7E74CBB838ED}.Debug|Any CPU.ActiveCfg = Debug|Any CPU
		{62E15563-CF27-8AC4-A36B-7E74CBB838ED}.Debug|Any CPU.Build.0 = Debug|Any CPU
		{62E15563-CF27-8AC4-A36B-7E74CBB838ED}.Release|Any CPU.ActiveCfg = Release|Any CPU
		{62E15563-CF27-8AC4-A36B-7E74CBB838ED}.Release|Any CPU.Build.0 = Release|Any CPU
	EndGlobalSection
	GlobalSection(SolutionProperties) = preSolution
		HideSolutionNode = FALSE
	EndGlobalSection
	GlobalSection(MonoDevelopProperties) = preSolution
		StartupItem = Assembly-CSharp.csproj
	EndGlobalSection
EndGlobal
